// !$*UTF8*$!
{
	archiveVersion = 1;
	classes = {
	};
	objectVersion = 52;
	objects = {

/* Begin PBXBuildFile section */
		746B8E7223F73544002BA8B7 /* AppDelegate.swift in Sources */ = {isa = PBXBuildFile; fileRef = 746B8E7123F73544002BA8B7 /* AppDelegate.swift */; };
		746B8E7423F73544002BA8B7 /* SceneDelegate.swift in Sources */ = {isa = PBXBuildFile; fileRef = 746B8E7323F73544002BA8B7 /* SceneDelegate.swift */; };
		746B8E7623F73544002BA8B7 /* ContentView.swift in Sources */ = {isa = PBXBuildFile; fileRef = 746B8E7523F73544002BA8B7 /* ContentView.swift */; };
		746B8E7823F73548002BA8B7 /* Assets.xcassets in Resources */ = {isa = PBXBuildFile; fileRef = 746B8E7723F73548002BA8B7 /* Assets.xcassets */; };
		746B8E7B23F73548002BA8B7 /* Preview Assets.xcassets in Resources */ = {isa = PBXBuildFile; fileRef = 746B8E7A23F73548002BA8B7 /* Preview Assets.xcassets */; };
		746B8E7E23F73548002BA8B7 /* LaunchScreen.storyboard in Resources */ = {isa = PBXBuildFile; fileRef = 746B8E7C23F73548002BA8B7 /* LaunchScreen.storyboard */; };
		746B8E8823F73AAD002BA8B7 /* Spin.Combine in Frameworks */ = {isa = PBXBuildFile; productRef = 746B8E8723F73AAD002BA8B7 /* Spin.Combine */; };
		746B8E8A23F73AAD002BA8B7 /* Spin.ReactiveSwift in Frameworks */ = {isa = PBXBuildFile; productRef = 746B8E8923F73AAD002BA8B7 /* Spin.ReactiveSwift */; };
		746B8E8C23F73AAD002BA8B7 /* Spin.RxSwift in Frameworks */ = {isa = PBXBuildFile; productRef = 746B8E8B23F73AAD002BA8B7 /* Spin.RxSwift */; };
		746B8E8E23F73AAD002BA8B7 /* Spin.Swift in Frameworks */ = {isa = PBXBuildFile; productRef = 746B8E8D23F73AAD002BA8B7 /* Spin.Swift */; };
		746B8E9923F73AB9002BA8B7 /* RxSwiftEffects.swift in Sources */ = {isa = PBXBuildFile; fileRef = 746B8E9023F73AB8002BA8B7 /* RxSwiftEffects.swift */; };
		746B8E9A23F73AB9002BA8B7 /* Reducer.swift in Sources */ = {isa = PBXBuildFile; fileRef = 746B8E9223F73AB8002BA8B7 /* Reducer.swift */; };
		746B8E9B23F73AB9002BA8B7 /* Event.swift in Sources */ = {isa = PBXBuildFile; fileRef = 746B8E9323F73AB8002BA8B7 /* Event.swift */; };
		746B8E9C23F73AB9002BA8B7 /* State.swift in Sources */ = {isa = PBXBuildFile; fileRef = 746B8E9423F73AB8002BA8B7 /* State.swift */; };
		746B8E9D23F73AB9002BA8B7 /* ReactiveSwiftEffects.swift in Sources */ = {isa = PBXBuildFile; fileRef = 746B8E9623F73AB8002BA8B7 /* ReactiveSwiftEffects.swift */; };
		746B8E9E23F73AB9002BA8B7 /* CombineEffects.swift in Sources */ = {isa = PBXBuildFile; fileRef = 746B8E9823F73AB9002BA8B7 /* CombineEffects.swift */; };
/* End PBXBuildFile section */

/* Begin PBXFileReference section */
		746B8E6E23F73544002BA8B7 /* Spin.SwiftUI.Demo.Basic.app */ = {isa = PBXFileReference; explicitFileType = wrapper.application; includeInIndex = 0; path = Spin.SwiftUI.Demo.Basic.app; sourceTree = BUILT_PRODUCTS_DIR; };
		746B8E7123F73544002BA8B7 /* AppDelegate.swift */ = {isa = PBXFileReference; lastKnownFileType = sourcecode.swift; path = AppDelegate.swift; sourceTree = "<group>"; };
		746B8E7323F73544002BA8B7 /* SceneDelegate.swift */ = {isa = PBXFileReference; lastKnownFileType = sourcecode.swift; path = SceneDelegate.swift; sourceTree = "<group>"; };
		746B8E7523F73544002BA8B7 /* ContentView.swift */ = {isa = PBXFileReference; lastKnownFileType = sourcecode.swift; path = ContentView.swift; sourceTree = "<group>"; };
		746B8E7723F73548002BA8B7 /* Assets.xcassets */ = {isa = PBXFileReference; lastKnownFileType = folder.assetcatalog; path = Assets.xcassets; sourceTree = "<group>"; };
		746B8E7A23F73548002BA8B7 /* Preview Assets.xcassets */ = {isa = PBXFileReference; lastKnownFileType = folder.assetcatalog; path = "Preview Assets.xcassets"; sourceTree = "<group>"; };
		746B8E7D23F73548002BA8B7 /* Base */ = {isa = PBXFileReference; lastKnownFileType = file.storyboard; name = Base; path = Base.lproj/LaunchScreen.storyboard; sourceTree = "<group>"; };
		746B8E7F23F73548002BA8B7 /* Info.plist */ = {isa = PBXFileReference; lastKnownFileType = text.plist.xml; path = Info.plist; sourceTree = "<group>"; };
		746B8E9023F73AB8002BA8B7 /* RxSwiftEffects.swift */ = {isa = PBXFileReference; fileEncoding = 4; lastKnownFileType = sourcecode.swift; path = RxSwiftEffects.swift; sourceTree = "<group>"; };
		746B8E9223F73AB8002BA8B7 /* Reducer.swift */ = {isa = PBXFileReference; fileEncoding = 4; lastKnownFileType = sourcecode.swift; path = Reducer.swift; sourceTree = "<group>"; };
		746B8E9323F73AB8002BA8B7 /* Event.swift */ = {isa = PBXFileReference; fileEncoding = 4; lastKnownFileType = sourcecode.swift; path = Event.swift; sourceTree = "<group>"; };
		746B8E9423F73AB8002BA8B7 /* State.swift */ = {isa = PBXFileReference; fileEncoding = 4; lastKnownFileType = sourcecode.swift; path = State.swift; sourceTree = "<group>"; };
		746B8E9623F73AB8002BA8B7 /* ReactiveSwiftEffects.swift */ = {isa = PBXFileReference; fileEncoding = 4; lastKnownFileType = sourcecode.swift; path = ReactiveSwiftEffects.swift; sourceTree = "<group>"; };
		746B8E9823F73AB9002BA8B7 /* CombineEffects.swift */ = {isa = PBXFileReference; fileEncoding = 4; lastKnownFileType = sourcecode.swift; path = CombineEffects.swift; sourceTree = "<group>"; };
/* End PBXFileReference section */

/* Begin PBXFrameworksBuildPhase section */
		746B8E6B23F73544002BA8B7 /* Frameworks */ = {
			isa = PBXFrameworksBuildPhase;
			buildActionMask = 2147483647;
			files = (
				746B8E8A23F73AAD002BA8B7 /* Spin.ReactiveSwift in Frameworks */,
				746B8E8823F73AAD002BA8B7 /* Spin.Combine in Frameworks */,
				746B8E8C23F73AAD002BA8B7 /* Spin.RxSwift in Frameworks */,
				746B8E8E23F73AAD002BA8B7 /* Spin.Swift in Frameworks */,
			);
			runOnlyForDeploymentPostprocessing = 0;
		};
/* End PBXFrameworksBuildPhase section */

/* Begin PBXGroup section */
		746B8E6523F73544002BA8B7 = {
			isa = PBXGroup;
			children = (
				746B8E7023F73544002BA8B7 /* Spin.SwiftUI.Demo.Basic */,
				746B8E6F23F73544002BA8B7 /* Products */,
			);
			sourceTree = "<group>";
		};
		746B8E6F23F73544002BA8B7 /* Products */ = {
			isa = PBXGroup;
			children = (
				746B8E6E23F73544002BA8B7 /* Spin.SwiftUI.Demo.Basic.app */,
			);
			name = Products;
			sourceTree = "<group>";
		};
		746B8E7023F73544002BA8B7 /* Spin.SwiftUI.Demo.Basic */ = {
			isa = PBXGroup;
			children = (
				746B8E8523F73A5F002BA8B7 /* Spin */,
				746B8E7123F73544002BA8B7 /* AppDelegate.swift */,
				746B8E7323F73544002BA8B7 /* SceneDelegate.swift */,
				746B8E7523F73544002BA8B7 /* ContentView.swift */,
				746B8E7723F73548002BA8B7 /* Assets.xcassets */,
				746B8E7C23F73548002BA8B7 /* LaunchScreen.storyboard */,
				746B8E7F23F73548002BA8B7 /* Info.plist */,
				746B8E7923F73548002BA8B7 /* Preview Content */,
			);
			path = Spin.SwiftUI.Demo.Basic;
			sourceTree = "<group>";
		};
		746B8E7923F73548002BA8B7 /* Preview Content */ = {
			isa = PBXGroup;
			children = (
				746B8E7A23F73548002BA8B7 /* Preview Assets.xcassets */,
			);
			path = "Preview Content";
			sourceTree = "<group>";
		};
		746B8E8523F73A5F002BA8B7 /* Spin */ = {
			isa = PBXGroup;
			children = (
				746B8E9123F73AB8002BA8B7 /* Common */,
				746B8E9523F73AB8002BA8B7 /* ReactiveSwift */,
				746B8E8F23F73AB8002BA8B7 /* RxSwift */,
				746B8E9723F73AB9002BA8B7 /* Combine */,
			);
			path = Spin;
			sourceTree = "<group>";
		};
		746B8E8F23F73AB8002BA8B7 /* RxSwift */ = {
			isa = PBXGroup;
			children = (
				746B8E9023F73AB8002BA8B7 /* RxSwiftEffects.swift */,
			);
			path = RxSwift;
			sourceTree = "<group>";
		};
		746B8E9123F73AB8002BA8B7 /* Common */ = {
			isa = PBXGroup;
			children = (
				746B8E9223F73AB8002BA8B7 /* Reducer.swift */,
				746B8E9323F73AB8002BA8B7 /* Event.swift */,
				746B8E9423F73AB8002BA8B7 /* State.swift */,
			);
			path = Common;
			sourceTree = "<group>";
		};
		746B8E9523F73AB8002BA8B7 /* ReactiveSwift */ = {
			isa = PBXGroup;
			children = (
				746B8E9623F73AB8002BA8B7 /* ReactiveSwiftEffects.swift */,
			);
			path = ReactiveSwift;
			sourceTree = "<group>";
		};
		746B8E9723F73AB9002BA8B7 /* Combine */ = {
			isa = PBXGroup;
			children = (
				746B8E9823F73AB9002BA8B7 /* CombineEffects.swift */,
			);
			path = Combine;
			sourceTree = "<group>";
		};
/* End PBXGroup section */

/* Begin PBXNativeTarget section */
		746B8E6D23F73544002BA8B7 /* Spin.SwiftUI.Demo.Basic */ = {
			isa = PBXNativeTarget;
			buildConfigurationList = 746B8E8223F73548002BA8B7 /* Build configuration list for PBXNativeTarget "Spin.SwiftUI.Demo.Basic" */;
			buildPhases = (
				746B8E6A23F73544002BA8B7 /* Sources */,
				746B8E6B23F73544002BA8B7 /* Frameworks */,
				746B8E6C23F73544002BA8B7 /* Resources */,
			);
			buildRules = (
			);
			dependencies = (
			);
			name = Spin.SwiftUI.Demo.Basic;
			packageProductDependencies = (
				746B8E8723F73AAD002BA8B7 /* Spin.Combine */,
				746B8E8923F73AAD002BA8B7 /* Spin.ReactiveSwift */,
				746B8E8B23F73AAD002BA8B7 /* Spin.RxSwift */,
				746B8E8D23F73AAD002BA8B7 /* Spin.Swift */,
			);
			productName = Spin.SwiftUI.Demo.Basic;
			productReference = 746B8E6E23F73544002BA8B7 /* Spin.SwiftUI.Demo.Basic.app */;
			productType = "com.apple.product-type.application";
		};
/* End PBXNativeTarget section */

/* Begin PBXProject section */
		746B8E6623F73544002BA8B7 /* Project object */ = {
			isa = PBXProject;
			attributes = {
				LastSwiftUpdateCheck = 1130;
				LastUpgradeCheck = 1130;
				ORGANIZATIONNAME = Spinners;
				TargetAttributes = {
					746B8E6D23F73544002BA8B7 = {
						CreatedOnToolsVersion = 11.3.1;
					};
				};
			};
			buildConfigurationList = 746B8E6923F73544002BA8B7 /* Build configuration list for PBXProject "Spin.SwiftUI.Demo.Basic" */;
			compatibilityVersion = "Xcode 9.3";
			developmentRegion = en;
			hasScannedForEncodings = 0;
			knownRegions = (
				en,
				Base,
			);
			mainGroup = 746B8E6523F73544002BA8B7;
			packageReferences = (
				746B8E8623F73AAD002BA8B7 /* XCRemoteSwiftPackageReference "Spin.Swift" */,
			);
			productRefGroup = 746B8E6F23F73544002BA8B7 /* Products */;
			projectDirPath = "";
			projectRoot = "";
			targets = (
				746B8E6D23F73544002BA8B7 /* Spin.SwiftUI.Demo.Basic */,
			);
		};
/* End PBXProject section */

/* Begin PBXResourcesBuildPhase section */
		746B8E6C23F73544002BA8B7 /* Resources */ = {
			isa = PBXResourcesBuildPhase;
			buildActionMask = 2147483647;
			files = (
				746B8E7E23F73548002BA8B7 /* LaunchScreen.storyboard in Resources */,
				746B8E7B23F73548002BA8B7 /* Preview Assets.xcassets in Resources */,
				746B8E7823F73548002BA8B7 /* Assets.xcassets in Resources */,
			);
			runOnlyForDeploymentPostprocessing = 0;
		};
/* End PBXResourcesBuildPhase section */

/* Begin PBXSourcesBuildPhase section */
		746B8E6A23F73544002BA8B7 /* Sources */ = {
			isa = PBXSourcesBuildPhase;
			buildActionMask = 2147483647;
			files = (
				746B8E7223F73544002BA8B7 /* AppDelegate.swift in Sources */,
				746B8E7423F73544002BA8B7 /* SceneDelegate.swift in Sources */,
				746B8E9923F73AB9002BA8B7 /* RxSwiftEffects.swift in Sources */,
				746B8E9A23F73AB9002BA8B7 /* Reducer.swift in Sources */,
				746B8E9E23F73AB9002BA8B7 /* CombineEffects.swift in Sources */,
				746B8E9B23F73AB9002BA8B7 /* Event.swift in Sources */,
				746B8E9D23F73AB9002BA8B7 /* ReactiveSwiftEffects.swift in Sources */,
				746B8E9C23F73AB9002BA8B7 /* State.swift in Sources */,
				746B8E7623F73544002BA8B7 /* ContentView.swift in Sources */,
			);
			runOnlyForDeploymentPostprocessing = 0;
		};
/* End PBXSourcesBuildPhase section */

/* Begin PBXVariantGroup section */
		746B8E7C23F73548002BA8B7 /* LaunchScreen.storyboard */ = {
			isa = PBXVariantGroup;
			children = (
				746B8E7D23F73548002BA8B7 /* Base */,
			);
			name = LaunchScreen.storyboard;
			sourceTree = "<group>";
		};
/* End PBXVariantGroup section */

/* Begin XCBuildConfiguration section */
		746B8E8023F73548002BA8B7 /* Debug */ = {
			isa = XCBuildConfiguration;
			buildSettings = {
				ALWAYS_SEARCH_USER_PATHS = NO;
				CLANG_ANALYZER_NONNULL = YES;
				CLANG_ANALYZER_NUMBER_OBJECT_CONVERSION = YES_AGGRESSIVE;
				CLANG_CXX_LANGUAGE_STANDARD = "gnu++14";
				CLANG_CXX_LIBRARY = "libc++";
				CLANG_ENABLE_MODULES = YES;
				CLANG_ENABLE_OBJC_ARC = YES;
				CLANG_ENABLE_OBJC_WEAK = YES;
				CLANG_WARN_BLOCK_CAPTURE_AUTORELEASING = YES;
				CLANG_WARN_BOOL_CONVERSION = YES;
				CLANG_WARN_COMMA = YES;
				CLANG_WARN_CONSTANT_CONVERSION = YES;
				CLANG_WARN_DEPRECATED_OBJC_IMPLEMENTATIONS = YES;
				CLANG_WARN_DIRECT_OBJC_ISA_USAGE = YES_ERROR;
				CLANG_WARN_DOCUMENTATION_COMMENTS = YES;
				CLANG_WARN_EMPTY_BODY = YES;
				CLANG_WARN_ENUM_CONVERSION = YES;
				CLANG_WARN_INFINITE_RECURSION = YES;
				CLANG_WARN_INT_CONVERSION = YES;
				CLANG_WARN_NON_LITERAL_NULL_CONVERSION = YES;
				CLANG_WARN_OBJC_IMPLICIT_RETAIN_SELF = YES;
				CLANG_WARN_OBJC_LITERAL_CONVERSION = YES;
				CLANG_WARN_OBJC_ROOT_CLASS = YES_ERROR;
				CLANG_WARN_RANGE_LOOP_ANALYSIS = YES;
				CLANG_WARN_STRICT_PROTOTYPES = YES;
				CLANG_WARN_SUSPICIOUS_MOVE = YES;
				CLANG_WARN_UNGUARDED_AVAILABILITY = YES_AGGRESSIVE;
				CLANG_WARN_UNREACHABLE_CODE = YES;
				CLANG_WARN__DUPLICATE_METHOD_MATCH = YES;
				COPY_PHASE_STRIP = NO;
				DEBUG_INFORMATION_FORMAT = dwarf;
				ENABLE_STRICT_OBJC_MSGSEND = YES;
				ENABLE_TESTABILITY = YES;
				GCC_C_LANGUAGE_STANDARD = gnu11;
				GCC_DYNAMIC_NO_PIC = NO;
				GCC_NO_COMMON_BLOCKS = YES;
				GCC_OPTIMIZATION_LEVEL = 0;
				GCC_PREPROCESSOR_DEFINITIONS = (
					"DEBUG=1",
					"$(inherited)",
				);
				GCC_WARN_64_TO_32_BIT_CONVERSION = YES;
				GCC_WARN_ABOUT_RETURN_TYPE = YES_ERROR;
				GCC_WARN_UNDECLARED_SELECTOR = YES;
				GCC_WARN_UNINITIALIZED_AUTOS = YES_AGGRESSIVE;
				GCC_WARN_UNUSED_FUNCTION = YES;
				GCC_WARN_UNUSED_VARIABLE = YES;
				IPHONEOS_DEPLOYMENT_TARGET = 13.2;
				MTL_ENABLE_DEBUG_INFO = INCLUDE_SOURCE;
				MTL_FAST_MATH = YES;
				ONLY_ACTIVE_ARCH = YES;
				SDKROOT = iphoneos;
				SWIFT_ACTIVE_COMPILATION_CONDITIONS = DEBUG;
				SWIFT_OPTIMIZATION_LEVEL = "-Onone";
			};
			name = Debug;
		};
		746B8E8123F73548002BA8B7 /* Release */ = {
			isa = XCBuildConfiguration;
			buildSettings = {
				ALWAYS_SEARCH_USER_PATHS = NO;
				CLANG_ANALYZER_NONNULL = YES;
				CLANG_ANALYZER_NUMBER_OBJECT_CONVERSION = YES_AGGRESSIVE;
				CLANG_CXX_LANGUAGE_STANDARD = "gnu++14";
				CLANG_CXX_LIBRARY = "libc++";
				CLANG_ENABLE_MODULES = YES;
				CLANG_ENABLE_OBJC_ARC = YES;
				CLANG_ENABLE_OBJC_WEAK = YES;
				CLANG_WARN_BLOCK_CAPTURE_AUTORELEASING = YES;
				CLANG_WARN_BOOL_CONVERSION = YES;
				CLANG_WARN_COMMA = YES;
				CLANG_WARN_CONSTANT_CONVERSION = YES;
				CLANG_WARN_DEPRECATED_OBJC_IMPLEMENTATIONS = YES;
				CLANG_WARN_DIRECT_OBJC_ISA_USAGE = YES_ERROR;
				CLANG_WARN_DOCUMENTATION_COMMENTS = YES;
				CLANG_WARN_EMPTY_BODY = YES;
				CLANG_WARN_ENUM_CONVERSION = YES;
				CLANG_WARN_INFINITE_RECURSION = YES;
				CLANG_WARN_INT_CONVERSION = YES;
				CLANG_WARN_NON_LITERAL_NULL_CONVERSION = YES;
				CLANG_WARN_OBJC_IMPLICIT_RETAIN_SELF = YES;
				CLANG_WARN_OBJC_LITERAL_CONVERSION = YES;
				CLANG_WARN_OBJC_ROOT_CLASS = YES_ERROR;
				CLANG_WARN_RANGE_LOOP_ANALYSIS = YES;
				CLANG_WARN_STRICT_PROTOTYPES = YES;
				CLANG_WARN_SUSPICIOUS_MOVE = YES;
				CLANG_WARN_UNGUARDED_AVAILABILITY = YES_AGGRESSIVE;
				CLANG_WARN_UNREACHABLE_CODE = YES;
				CLANG_WARN__DUPLICATE_METHOD_MATCH = YES;
				COPY_PHASE_STRIP = NO;
				DEBUG_INFORMATION_FORMAT = "dwarf-with-dsym";
				ENABLE_NS_ASSERTIONS = NO;
				ENABLE_STRICT_OBJC_MSGSEND = YES;
				GCC_C_LANGUAGE_STANDARD = gnu11;
				GCC_NO_COMMON_BLOCKS = YES;
				GCC_WARN_64_TO_32_BIT_CONVERSION = YES;
				GCC_WARN_ABOUT_RETURN_TYPE = YES_ERROR;
				GCC_WARN_UNDECLARED_SELECTOR = YES;
				GCC_WARN_UNINITIALIZED_AUTOS = YES_AGGRESSIVE;
				GCC_WARN_UNUSED_FUNCTION = YES;
				GCC_WARN_UNUSED_VARIABLE = YES;
				IPHONEOS_DEPLOYMENT_TARGET = 13.2;
				MTL_ENABLE_DEBUG_INFO = NO;
				MTL_FAST_MATH = YES;
				SDKROOT = iphoneos;
				SWIFT_COMPILATION_MODE = wholemodule;
				SWIFT_OPTIMIZATION_LEVEL = "-O";
				VALIDATE_PRODUCT = YES;
			};
			name = Release;
		};
		746B8E8323F73548002BA8B7 /* Debug */ = {
			isa = XCBuildConfiguration;
			buildSettings = {
				ASSETCATALOG_COMPILER_APPICON_NAME = AppIcon;
				CODE_SIGN_STYLE = Automatic;
				DEVELOPMENT_ASSET_PATHS = "\"Spin.SwiftUI.Demo.Basic/Preview Content\"";
				DEVELOPMENT_TEAM = 3V5265LQM9;
				ENABLE_PREVIEWS = YES;
				INFOPLIST_FILE = Spin.SwiftUI.Demo.Basic/Info.plist;
				LD_RUNPATH_SEARCH_PATHS = (
					"$(inherited)",
					"@executable_path/Frameworks",
				);
				PRODUCT_BUNDLE_IDENTIFIER = "com.github.spinners.Spin-SwiftUI-Demo-Basic";
				PRODUCT_NAME = "$(TARGET_NAME)";
				SWIFT_VERSION = 5.0;
				TARGETED_DEVICE_FAMILY = "1,2";
			};
			name = Debug;
		};
		746B8E8423F73548002BA8B7 /* Release */ = {
			isa = XCBuildConfiguration;
			buildSettings = {
				ASSETCATALOG_COMPILER_APPICON_NAME = AppIcon;
				CODE_SIGN_STYLE = Automatic;
				DEVELOPMENT_ASSET_PATHS = "\"Spin.SwiftUI.Demo.Basic/Preview Content\"";
				DEVELOPMENT_TEAM = 3V5265LQM9;
				ENABLE_PREVIEWS = YES;
				INFOPLIST_FILE = Spin.SwiftUI.Demo.Basic/Info.plist;
				LD_RUNPATH_SEARCH_PATHS = (
					"$(inherited)",
					"@executable_path/Frameworks",
				);
				PRODUCT_BUNDLE_IDENTIFIER = "com.github.spinners.Spin-SwiftUI-Demo-Basic";
				PRODUCT_NAME = "$(TARGET_NAME)";
				SWIFT_VERSION = 5.0;
				TARGETED_DEVICE_FAMILY = "1,2";
			};
			name = Release;
		};
/* End XCBuildConfiguration section */

/* Begin XCConfigurationList section */
		746B8E6923F73544002BA8B7 /* Build configuration list for PBXProject "Spin.SwiftUI.Demo.Basic" */ = {
			isa = XCConfigurationList;
			buildConfigurations = (
				746B8E8023F73548002BA8B7 /* Debug */,
				746B8E8123F73548002BA8B7 /* Release */,
			);
			defaultConfigurationIsVisible = 0;
			defaultConfigurationName = Release;
		};
		746B8E8223F73548002BA8B7 /* Build configuration list for PBXNativeTarget "Spin.SwiftUI.Demo.Basic" */ = {
			isa = XCConfigurationList;
			buildConfigurations = (
				746B8E8323F73548002BA8B7 /* Debug */,
				746B8E8423F73548002BA8B7 /* Release */,
			);
			defaultConfigurationIsVisible = 0;
			defaultConfigurationName = Release;
		};
/* End XCConfigurationList section */

/* Begin XCRemoteSwiftPackageReference section */
		746B8E8623F73AAD002BA8B7 /* XCRemoteSwiftPackageReference "Spin.Swift" */ = {
			isa = XCRemoteSwiftPackageReference;
			repositoryURL = "https://github.com/Spinners/Spin.Swift.git";
			requirement = {
				kind = upToNextMajorVersion;
				minimumVersion = 0.8.0;
			};
		};
/* End XCRemoteSwiftPackageReference section */

/* Begin XCSwiftPackageProductDependency section */
		746B8E8723F73AAD002BA8B7 /* Spin.Combine */ = {
			isa = XCSwiftPackageProductDependency;
			package = 746B8E8623F73AAD002BA8B7 /* XCRemoteSwiftPackageReference "Spin.Swift" */;
			productName = Spin.Combine;
		};
		746B8E8923F73AAD002BA8B7 /* Spin.ReactiveSwift */ = {
			isa = XCSwiftPackageProductDependency;
			package = 746B8E8623F73AAD002BA8B7 /* XCRemoteSwiftPackageReference "Spin.Swift" */;
			productName = Spin.ReactiveSwift;
		};
		746B8E8B23F73AAD002BA8B7 /* Spin.RxSwift */ = {
			isa = XCSwiftPackageProductDependency;
			package = 746B8E8623F73AAD002BA8B7 /* XCRemoteSwiftPackageReference "Spin.Swift" */;
			productName = Spin.RxSwift;
		};
		746B8E8D23F73AAD002BA8B7 /* Spin.Swift */ = {
			isa = XCSwiftPackageProductDependency;
			package = 746B8E8623F73AAD002BA8B7 /* XCRemoteSwiftPackageReference "Spin.Swift" */;
			productName = Spin.Swift;
		};
/* End XCSwiftPackageProductDependency section */
	};
	rootObject = 746B8E6623F73544002BA8B7 /* Project object */;
}
